
Microsoft Visual Studio Solution File, Format Version 12.00
Project("{FAE04EC0-301F-11D3-BF4B-00C04F79EFBC}") = "MonitoringSystem.API", "MonitoringSystem.API\MonitoringSystem.API.csproj", "{595D3F3F-3631-4C85-B4D3-B51B528C2C43}"
EndProject
Project("{FAE04EC0-301F-11D3-BF4B-00C04F79EFBC}") = "ServiceSimulator", "ServiceSimulator\ServiceSimulator.csproj", "{B775652B-A3CB-4027-A0FB-24B71BD6E5C2}"
EndProject
Project("{2150E333-8FDC-42A3-9474-1A3956D46DE8}") = "SolutionItems", "SolutionItems", "{AFC3AA0B-3289-4AED-A1EA-20D4EF9E8B69}"
	ProjectSection(SolutionItems) = preProject
		.gitignore = .gitignore
		Directory.Packages.props = Directory.Packages.props
		README.md = README.md
	EndProjectSection
EndProject
Project("{FAE04EC0-301F-11D3-BF4B-00C04F79EFBC}") = "MonitoringSystem.Domain", "MonitoringSystem.Domain\MonitoringSystem.Domain.csproj", "{017297B3-7CB6-4F18-A0FD-1692A9F3CBE6}"
EndProject
Project("{FAE04EC0-301F-11D3-BF4B-00C04F79EFBC}") = "MonitoringSystem.DAL", "MonitoringSystem.DAL\MonitoringSystem.DAL.csproj", "{A184CC12-A296-485E-B7B1-B2A0FEB91126}"
EndProject
Project("{FAE04EC0-301F-11D3-BF4B-00C04F79EFBC}") = "MonitoringSystem.BLL", "MonitoringSystem.BLL\MonitoringSystem.BLL.csproj", "{81927A3B-AC30-4D31-8C79-5781012F048A}"
EndProject
Global
	GlobalSection(SolutionConfigurationPlatforms) = preSolution
		Debug|Any CPU = Debug|Any CPU
		Release|Any CPU = Release|Any CPU
	EndGlobalSection
	GlobalSection(ProjectConfigurationPlatforms) = postSolution
		{595D3F3F-3631-4C85-B4D3-B51B528C2C43}.Debug|Any CPU.ActiveCfg = Debug|Any CPU
		{595D3F3F-3631-4C85-B4D3-B51B528C2C43}.Debug|Any CPU.Build.0 = Debug|Any CPU
		{595D3F3F-3631-4C85-B4D3-B51B528C2C43}.Release|Any CPU.ActiveCfg = Release|Any CPU
		{595D3F3F-3631-4C85-B4D3-B51B528C2C43}.Release|Any CPU.Build.0 = Release|Any CPU
		{B775652B-A3CB-4027-A0FB-24B71BD6E5C2}.Debug|Any CPU.ActiveCfg = Debug|Any CPU
		{B775652B-A3CB-4027-A0FB-24B71BD6E5C2}.Debug|Any CPU.Build.0 = Debug|Any CPU
		{B775652B-A3CB-4027-A0FB-24B71BD6E5C2}.Release|Any CPU.ActiveCfg = Release|Any CPU
		{B775652B-A3CB-4027-A0FB-24B71BD6E5C2}.Release|Any CPU.Build.0 = Release|Any CPU
		{017297B3-7CB6-4F18-A0FD-1692A9F3CBE6}.Debug|Any CPU.ActiveCfg = Debug|Any CPU
		{017297B3-7CB6-4F18-A0FD-1692A9F3CBE6}.Debug|Any CPU.Build.0 = Debug|Any CPU
		{017297B3-7CB6-4F18-A0FD-1692A9F3CBE6}.Release|Any CPU.ActiveCfg = Release|Any CPU
		{017297B3-7CB6-4F18-A0FD-1692A9F3CBE6}.Release|Any CPU.Build.0 = Release|Any CPU
		{A184CC12-A296-485E-B7B1-B2A0FEB91126}.Debug|Any CPU.ActiveCfg = Debug|Any CPU
		{A184CC12-A296-485E-B7B1-B2A0FEB91126}.Debug|Any CPU.Build.0 = Debug|Any CPU
		{A184CC12-A296-485E-B7B1-B2A0FEB91126}.Release|Any CPU.ActiveCfg = Release|Any CPU
		{A184CC12-A296-485E-B7B1-B2A0FEB91126}.Release|Any CPU.Build.0 = Release|Any CPU
		{81927A3B-AC30-4D31-8C79-5781012F048A}.Debug|Any CPU.ActiveCfg = Debug|Any CPU
		{81927A3B-AC30-4D31-8C79-5781012F048A}.Debug|Any CPU.Build.0 = Debug|Any CPU
		{81927A3B-AC30-4D31-8C79-5781012F048A}.Release|Any CPU.ActiveCfg = Release|Any CPU
		{81927A3B-AC30-4D31-8C79-5781012F048A}.Release|Any CPU.Build.0 = Release|Any CPU
	EndGlobalSection
EndGlobal
